{
  "nodes": {
    "nixpkgs": {
      "locked": {
        "lastModified": 1710263853,
        "narHash": "sha256-MGIQF8rMvJeWMt6yRPbAF8Y8fPfexIuWZkKd5Jpk+hg=",
        "owner": "NixOS",
        "repo": "nixpkgs",
        "rev": "40cb903ec3b90867e56633d7b0acd6a9a768c8c6",
        "type": "github"
      },
      "original": {
        "owner": "NixOS",
        "repo": "nixpkgs",
        "type": "github"
      }
    },
    "root": {
      "inputs": {
        "nixpkgs": "nixpkgs"
      }
    }
  },
  "root": "root",
  "version": 7
}
